
Microsoft Visual Studio Solution File, Format Version 12.00
# Visual Studio Version 17
VisualStudioVersion = 17.4.33122.133
MinimumVisualStudioVersion = 10.0.40219.1
Project("{FAE04EC0-301F-11D3-BF4B-00C04F79EFBC}") = "Web_ban_meo", "Web_ban_meo\Web_ban_meo.csproj", "{915FD6A4-7392-44D1-9666-50A540BD7F66}"
EndProject
Global
	GlobalSection(SolutionConfigurationPlatforms) = preSolution
		Debug|Any CPU = Debug|Any CPU
		Release|Any CPU = Release|Any CPU
	EndGlobalSection
	GlobalSection(ProjectConfigurationPlatforms) = postSolution
		{915FD6A4-7392-44D1-9666-50A540BD7F66}.Debug|Any CPU.ActiveCfg = Debug|Any CPU
		{915FD6A4-7392-44D1-9666-50A540BD7F66}.Debug|Any CPU.Build.0 = Debug|Any CPU
		{915FD6A4-7392-44D1-9666-50A540BD7F66}.Release|Any CPU.ActiveCfg = Release|Any CPU
		{915FD6A4-7392-44D1-9666-50A540BD7F66}.Release|Any CPU.Build.0 = Release|Any CPU
	EndGlobalSection
	GlobalSection(SolutionProperties) = preSolution
		HideSolutionNode = FALSE
	EndGlobalSection
	GlobalSection(ExtensibilityGlobals) = postSolution
		SolutionGuid = {A5B2F211-D89D-459E-AD6D-BE98BBA3F3B1}
	EndGlobalSection
EndGlobal
